
Microsoft Visual Studio Solution File, Format Version 12.00
# Visual Studio Version 17
VisualStudioVersion = 17.9.34728.123
MinimumVisualStudioVersion = 10.0.40219.1
Project("{9A19103F-16F7-4668-BE54-9A1E7A4F7556}") = "eStore", "eStore\eStore.csproj", "{0B4E9C3C-BF24-42BB-854C-66D6CA5F1485}"
EndProject
Project("{9A19103F-16F7-4668-BE54-9A1E7A4F7556}") = "DataAccessLayer", "DataAccessLayer\DataAccessLayer.csproj", "{C2F9EC40-3F40-486D-BD50-E0C885A03A74}"
EndProject
Project("{9A19103F-16F7-4668-BE54-9A1E7A4F7556}") = "BLL", "BLL\BLL.csproj", "{3F137CDC-D6FB-424E-91CC-C57198CA6FA2}"
EndProject
Global
	GlobalSection(SolutionConfigurationPlatforms) = preSolution
		Debug|Any CPU = Debug|Any CPU
		Release|Any CPU = Release|Any CPU
	EndGlobalSection
	GlobalSection(ProjectConfigurationPlatforms) = postSolution
		{0B4E9C3C-BF24-42BB-854C-66D6CA5F1485}.Debug|Any CPU.ActiveCfg = Debug|Any CPU
		{0B4E9C3C-BF24-42BB-854C-66D6CA5F1485}.Debug|Any CPU.Build.0 = Debug|Any CPU
		{0B4E9C3C-BF24-42BB-854C-66D6CA5F1485}.Release|Any CPU.ActiveCfg = Release|Any CPU
		{0B4E9C3C-BF24-42BB-854C-66D6CA5F1485}.Release|Any CPU.Build.0 = Release|Any CPU
		{C2F9EC40-3F40-486D-BD50-E0C885A03A74}.Debug|Any CPU.ActiveCfg = Debug|Any CPU
		{C2F9EC40-3F40-486D-BD50-E0C885A03A74}.Debug|Any CPU.Build.0 = Debug|Any CPU
		{C2F9EC40-3F40-486D-BD50-E0C885A03A74}.Release|Any CPU.ActiveCfg = Release|Any CPU
		{C2F9EC40-3F40-486D-BD50-E0C885A03A74}.Release|Any CPU.Build.0 = Release|Any CPU
		{3F137CDC-D6FB-424E-91CC-C57198CA6FA2}.Debug|Any CPU.ActiveCfg = Debug|Any CPU
		{3F137CDC-D6FB-424E-91CC-C57198CA6FA2}.Debug|Any CPU.Build.0 = Debug|Any CPU
		{3F137CDC-D6FB-424E-91CC-C57198CA6FA2}.Release|Any CPU.ActiveCfg = Release|Any CPU
		{3F137CDC-D6FB-424E-91CC-C57198CA6FA2}.Release|Any CPU.Build.0 = Release|Any CPU
	EndGlobalSection
	GlobalSection(SolutionProperties) = preSolution
		HideSolutionNode = FALSE
	EndGlobalSection
	GlobalSection(ExtensibilityGlobals) = postSolution
		SolutionGuid = {3D4DA8C5-EB4F-4A0E-9877-9300DB783361}
	EndGlobalSection
EndGlobal
